{
  "name": "my-project",
  "version": "1.0.0",
  "lockfileVersion": 2,
  "requires": true,
  "packages": {
    "": {
      "version": "1.0.0",
      "license": "ISC",
      "dependencies": {
        "lodash": "^4.17.21",
        "samebuna-frame-print": "^1.0.0"
      }
    },
    "node_modules/lodash": {
      "version": "4.17.21",
      "resolved": "https://registry.npmjs.org/lodash/-/lodash-4.17.21.tgz",
      "integrity": "sha512-v2kDEe57lecTulaDIuNTPy3Ry4gLGJ6Z1O3vE1krgXZNrsQ+LFTGHVxVjcXPs17LhbZVGedAJv8XZ1tvj5FvSg=="
    },
    "node_modules/samebuna-frame-print": {
      "version": "1.0.0",
      "resolved": "https://registry.npmjs.org/samebuna-frame-print/-/samebuna-frame-print-1.0.0.tgz",
      "integrity": "sha512-T/2Efr83zGDaxkRZmIoMi0HZZmCc/7zqzlGcWdZBbVtNb8Wi1fUQLiyG+sMv1a30w67mCW8xG5UPKCH/62a+6Q=="
    }
  },
  "dependencies": {
    "lodash": {
      "version": "4.17.21",
      "resolved": "https://registry.npmjs.org/lodash/-/lodash-4.17.21.tgz",
      "integrity": "sha512-v2kDEe57lecTulaDIuNTPy3Ry4gLGJ6Z1O3vE1krgXZNrsQ+LFTGHVxVjcXPs17LhbZVGedAJv8XZ1tvj5FvSg=="
    },
    "samebuna-frame-print": {
      "version": "1.0.0",
      "resolved": "https://registry.npmjs.org/samebuna-frame-print/-/samebuna-frame-print-1.0.0.tgz",
      "integrity": "sha512-T/2Efr83zGDaxkRZmIoMi0HZZmCc/7zqzlGcWdZBbVtNb8Wi1fUQLiyG+sMv1a30w67mCW8xG5UPKCH/62a+6Q=="
    }
  }
}
